
Microsoft Visual Studio Solution File, Format Version 12.00
# Visual Studio Version 16
VisualStudioVersion = 16.0.32901.82
MinimumVisualStudioVersion = 10.0.40219.1
Project("{8BC9CEB8-8B4A-11D0-8D11-00A0C91BC942}") = "SumArrayFunction", "SumArrayFunction\SumArrayFunction.vcxproj", "{C168FFD3-6253-4564-AB60-19BFB4428CCB}"
EndProject
Global
	GlobalSection(SolutionConfigurationPlatforms) = preSolution
		Debug|x64 = Debug|x64
		Debug|x86 = Debug|x86
		Release|x64 = Release|x64
		Release|x86 = Release|x86
	EndGlobalSection
	GlobalSection(ProjectConfigurationPlatforms) = postSolution
		{C168FFD3-6253-4564-AB60-19BFB4428CCB}.Debug|x64.ActiveCfg = Debug|x64
		{C168FFD3-6253-4564-AB60-19BFB4428CCB}.Debug|x64.Build.0 = Debug|x64
		{C168FFD3-6253-4564-AB60-19BFB4428CCB}.Debug|x86.ActiveCfg = Debug|Win32
		{C168FFD3-6253-4564-AB60-19BFB4428CCB}.Debug|x86.Build.0 = Debug|Win32
		{C168FFD3-6253-4564-AB60-19BFB4428CCB}.Release|x64.ActiveCfg = Release|x64
		{C168FFD3-6253-4564-AB60-19BFB4428CCB}.Release|x64.Build.0 = Release|x64
		{C168FFD3-6253-4564-AB60-19BFB4428CCB}.Release|x86.ActiveCfg = Release|Win32
		{C168FFD3-6253-4564-AB60-19BFB4428CCB}.Release|x86.Build.0 = Release|Win32
	EndGlobalSection
	GlobalSection(SolutionProperties) = preSolution
		HideSolutionNode = FALSE
	EndGlobalSection
	GlobalSection(ExtensibilityGlobals) = postSolution
		SolutionGuid = {87210021-236A-4CB4-B92A-3B5EE800F46A}
	EndGlobalSection
EndGlobal
